%{"connection": {:hex, :connection, "1.0.4", "a1cae72211f0eef17705aaededacac3eb30e6625b04a6117c1b2db6ace7d5976", [:mix], []},
  "exprotobuf": {:hex, :exprotobuf, "1.2.1", "5658b9f602719e145cc9398715843f64bab635c2a448e366b8855db72deabfbd", [:mix], [{:gpb, "~> 3.24", [hex: :gpb, optional: false]}]},
  "gpb": {:hex, :gpb, "3.26.6", "cd0b7e29d896bc7650ccbc4b6681db6cbec7a9c6d8a3d5e0e8b9bee454377597", [:make, :rebar], []},
  "poison": {:hex, :poison, "3.0.0", "625ebd64d33ae2e65201c2c14d6c85c27cc8b68f2d0dd37828fde9c6920dd131", [:mix], []},
  "secure_random": {:hex, :secure_random, "0.5.0", "f49e4bfe686f7a78f0dd16700552e4135f02c122ef6dff35544e4f754641f688", [:mix], []}}
